// !$*UTF8*$!
{
	archiveVersion = 1;
	classes = {
	};
	objectVersion = 56;
	objects = {

/* Begin PBXBuildFile section */
		4DC21269296A6221008C00DD /* AppDelegate.swift in Sources */ = {isa = PBXBuildFile; fileRef = 4DC21268296A6221008C00DD /* AppDelegate.swift */; };
		4DC2126B296A6221008C00DD /* SceneDelegate.swift in Sources */ = {isa = PBXBuildFile; fileRef = 4DC2126A296A6221008C00DD /* SceneDelegate.swift */; };
		4DC21270296A6221008C00DD /* Main.storyboard in Resources */ = {isa = PBXBuildFile; fileRef = 4DC2126E296A6221008C00DD /* Main.storyboard */; };
		4DC21272296A6222008C00DD /* Assets.xcassets in Resources */ = {isa = PBXBuildFile; fileRef = 4DC21271296A6222008C00DD /* Assets.xcassets */; };
		4DC21275296A6222008C00DD /* LaunchScreen.storyboard in Resources */ = {isa = PBXBuildFile; fileRef = 4DC21273296A6222008C00DD /* LaunchScreen.storyboard */; };
		4DC2127D296B777F008C00DD /* TableViewController.swift in Sources */ = {isa = PBXBuildFile; fileRef = 4DC2127C296B777F008C00DD /* TableViewController.swift */; };
		4DC21280296C7DE8008C00DD /* CustomAlert.swift in Sources */ = {isa = PBXBuildFile; fileRef = 4DC2127E296C7DE8008C00DD /* CustomAlert.swift */; };
		4DC21281296C7DE8008C00DD /* CustomAlert.xib in Resources */ = {isa = PBXBuildFile; fileRef = 4DC2127F296C7DE8008C00DD /* CustomAlert.xib */; };
		4DC21283296CBCBD008C00DD /* Model.swift in Sources */ = {isa = PBXBuildFile; fileRef = 4DC21282296CBCBD008C00DD /* Model.swift */; };
		4DC21285296CF802008C00DD /* TableViewCell.swift in Sources */ = {isa = PBXBuildFile; fileRef = 4DC21284296CF801008C00DD /* TableViewCell.swift */; };
		4DC21287296E27CB008C00DD /* Delegates.swift in Sources */ = {isa = PBXBuildFile; fileRef = 4DC21286296E27CB008C00DD /* Delegates.swift */; };
		7C010AAA24CA0EFA7CCD5D0C /* Pods_Realm_UsefulConnections.framework in Frameworks */ = {isa = PBXBuildFile; fileRef = 5F58B2EC9C6ACCBF30CBED48 /* Pods_Realm_UsefulConnections.framework */; };
/* End PBXBuildFile section */

/* Begin PBXFileReference section */
		02B7DBE6D5FBD46C0AEBBA25 /* Pods-Realm-UsefulConnections.release.xcconfig */ = {isa = PBXFileReference; includeInIndex = 1; lastKnownFileType = text.xcconfig; name = "Pods-Realm-UsefulConnections.release.xcconfig"; path = "Target Support Files/Pods-Realm-UsefulConnections/Pods-Realm-UsefulConnections.release.xcconfig"; sourceTree = "<group>"; };
		09952D3FD699486FCE0624F6 /* Pods-Realm-UsefulConnections.debug.xcconfig */ = {isa = PBXFileReference; includeInIndex = 1; lastKnownFileType = text.xcconfig; name = "Pods-Realm-UsefulConnections.debug.xcconfig"; path = "Target Support Files/Pods-Realm-UsefulConnections/Pods-Realm-UsefulConnections.debug.xcconfig"; sourceTree = "<group>"; };
		4DC21265296A6221008C00DD /* Realm-UsefulConnections.app */ = {isa = PBXFileReference; explicitFileType = wrapper.application; includeInIndex = 0; path = "Realm-UsefulConnections.app"; sourceTree = BUILT_PRODUCTS_DIR; };
		4DC21268296A6221008C00DD /* AppDelegate.swift */ = {isa = PBXFileReference; lastKnownFileType = sourcecode.swift; path = AppDelegate.swift; sourceTree = "<group>"; };
		4DC2126A296A6221008C00DD /* SceneDelegate.swift */ = {isa = PBXFileReference; lastKnownFileType = sourcecode.swift; path = SceneDelegate.swift; sourceTree = "<group>"; };
		4DC2126F296A6221008C00DD /* Base */ = {isa = PBXFileReference; lastKnownFileType = file.storyboard; name = Base; path = Base.lproj/Main.storyboard; sourceTree = "<group>"; };
		4DC21271296A6222008C00DD /* Assets.xcassets */ = {isa = PBXFileReference; lastKnownFileType = folder.assetcatalog; path = Assets.xcassets; sourceTree = "<group>"; };
		4DC21274296A6222008C00DD /* Base */ = {isa = PBXFileReference; lastKnownFileType = file.storyboard; name = Base; path = Base.lproj/LaunchScreen.storyboard; sourceTree = "<group>"; };
		4DC21276296A6222008C00DD /* Info.plist */ = {isa = PBXFileReference; lastKnownFileType = text.plist.xml; path = Info.plist; sourceTree = "<group>"; };
		4DC2127C296B777F008C00DD /* TableViewController.swift */ = {isa = PBXFileReference; lastKnownFileType = sourcecode.swift; path = TableViewController.swift; sourceTree = "<group>"; };
		4DC2127E296C7DE8008C00DD /* CustomAlert.swift */ = {isa = PBXFileReference; lastKnownFileType = sourcecode.swift; path = CustomAlert.swift; sourceTree = "<group>"; };
		4DC2127F296C7DE8008C00DD /* CustomAlert.xib */ = {isa = PBXFileReference; lastKnownFileType = file.xib; path = CustomAlert.xib; sourceTree = "<group>"; };
		4DC21282296CBCBD008C00DD /* Model.swift */ = {isa = PBXFileReference; lastKnownFileType = sourcecode.swift; path = Model.swift; sourceTree = "<group>"; };
		4DC21284296CF801008C00DD /* TableViewCell.swift */ = {isa = PBXFileReference; lastKnownFileType = sourcecode.swift; path = TableViewCell.swift; sourceTree = "<group>"; };
		4DC21286296E27CB008C00DD /* Delegates.swift */ = {isa = PBXFileReference; lastKnownFileType = sourcecode.swift; path = Delegates.swift; sourceTree = "<group>"; };
		5F58B2EC9C6ACCBF30CBED48 /* Pods_Realm_UsefulConnections.framework */ = {isa = PBXFileReference; explicitFileType = wrapper.framework; includeInIndex = 0; path = Pods_Realm_UsefulConnections.framework; sourceTree = BUILT_PRODUCTS_DIR; };
/* End PBXFileReference section */

/* Begin PBXFrameworksBuildPhase section */
		4DC21262296A6221008C00DD /* Frameworks */ = {
			isa = PBXFrameworksBuildPhase;
			buildActionMask = 2147483647;
			files = (
				7C010AAA24CA0EFA7CCD5D0C /* Pods_Realm_UsefulConnections.framework in Frameworks */,
			);
			runOnlyForDeploymentPostprocessing = 0;
		};
/* End PBXFrameworksBuildPhase section */

/* Begin PBXGroup section */
		4DC2125C296A6221008C00DD = {
			isa = PBXGroup;
			children = (
				4DC21267296A6221008C00DD /* Realm-UsefulConnections */,
				4DC21266296A6221008C00DD /* Products */,
				8468CF2949548893CFD18078 /* Pods */,
				5FF66FB20AA53BF67AA1F1B1 /* Frameworks */,
			);
			sourceTree = "<group>";
		};
		4DC21266296A6221008C00DD /* Products */ = {
			isa = PBXGroup;
			children = (
				4DC21265296A6221008C00DD /* Realm-UsefulConnections.app */,
			);
			name = Products;
			sourceTree = "<group>";
		};
		4DC21267296A6221008C00DD /* Realm-UsefulConnections */ = {
			isa = PBXGroup;
			children = (
				4DC212892976579B008C00DD /* Model */,
				4DC2128C297657CC008C00DD /* View */,
				4DC2128A297657B2008C00DD /* Controllers */,
				4DC2128B297657C1008C00DD /* Delegates */,
				4DC21268296A6221008C00DD /* AppDelegate.swift */,
				4DC2126A296A6221008C00DD /* SceneDelegate.swift */,
				4DC21271296A6222008C00DD /* Assets.xcassets */,
				4DC21273296A6222008C00DD /* LaunchScreen.storyboard */,
				4DC21276296A6222008C00DD /* Info.plist */,
			);
			path = "Realm-UsefulConnections";
			sourceTree = "<group>";
		};
		4DC212892976579B008C00DD /* Model */ = {
			isa = PBXGroup;
			children = (
				4DC21282296CBCBD008C00DD /* Model.swift */,
			);
			path = Model;
			sourceTree = "<group>";
		};
		4DC2128A297657B2008C00DD /* Controllers */ = {
			isa = PBXGroup;
			children = (
				4DC2127E296C7DE8008C00DD /* CustomAlert.swift */,
				4DC2127C296B777F008C00DD /* TableViewController.swift */,
				4DC21284296CF801008C00DD /* TableViewCell.swift */,
			);
			path = Controllers;
			sourceTree = "<group>";
		};
		4DC2128B297657C1008C00DD /* Delegates */ = {
			isa = PBXGroup;
			children = (
				4DC21286296E27CB008C00DD /* Delegates.swift */,
			);
			path = Delegates;
			sourceTree = "<group>";
		};
		4DC2128C297657CC008C00DD /* View */ = {
			isa = PBXGroup;
			children = (
				4DC2127F296C7DE8008C00DD /* CustomAlert.xib */,
				4DC2126E296A6221008C00DD /* Main.storyboard */,
			);
			path = View;
			sourceTree = "<group>";
		};
		5FF66FB20AA53BF67AA1F1B1 /* Frameworks */ = {
			isa = PBXGroup;
			children = (
				5F58B2EC9C6ACCBF30CBED48 /* Pods_Realm_UsefulConnections.framework */,
			);
			name = Frameworks;
			sourceTree = "<group>";
		};
		8468CF2949548893CFD18078 /* Pods */ = {
			isa = PBXGroup;
			children = (
				09952D3FD699486FCE0624F6 /* Pods-Realm-UsefulConnections.debug.xcconfig */,
				02B7DBE6D5FBD46C0AEBBA25 /* Pods-Realm-UsefulConnections.release.xcconfig */,
			);
			path = Pods;
			sourceTree = "<group>";
		};
/* End PBXGroup section */

/* Begin PBXNativeTarget section */
		4DC21264296A6221008C00DD /* Realm-UsefulConnections */ = {
			isa = PBXNativeTarget;
			buildConfigurationList = 4DC21279296A6222008C00DD /* Build configuration list for PBXNativeTarget "Realm-UsefulConnections" */;
			buildPhases = (
				A067B43FEE72127E856B52BD /* [CP] Check Pods Manifest.lock */,
				4DC21261296A6221008C00DD /* Sources */,
				4DC21262296A6221008C00DD /* Frameworks */,
				4DC21263296A6221008C00DD /* Resources */,
				116CD5D1667ADD2B903679FC /* [CP] Embed Pods Frameworks */,
			);
			buildRules = (
			);
			dependencies = (
			);
			name = "Realm-UsefulConnections";
			productName = "Realm-UsefulConnections";
			productReference = 4DC21265296A6221008C00DD /* Realm-UsefulConnections.app */;
			productType = "com.apple.product-type.application";
		};
/* End PBXNativeTarget section */

/* Begin PBXProject section */
		4DC2125D296A6221008C00DD /* Project object */ = {
			isa = PBXProject;
			attributes = {
				BuildIndependentTargetsInParallel = 1;
				LastSwiftUpdateCheck = 1420;
				LastUpgradeCheck = 1420;
				TargetAttributes = {
					4DC21264296A6221008C00DD = {
						CreatedOnToolsVersion = 14.2;
					};
				};
			};
			buildConfigurationList = 4DC21260296A6221008C00DD /* Build configuration list for PBXProject "Realm-UsefulConnections" */;
			compatibilityVersion = "Xcode 14.0";
			developmentRegion = en;
			hasScannedForEncodings = 0;
			knownRegions = (
				en,
				Base,
			);
			mainGroup = 4DC2125C296A6221008C00DD;
			productRefGroup = 4DC21266296A6221008C00DD /* Products */;
			projectDirPath = "";
			projectRoot = "";
			targets = (
				4DC21264296A6221008C00DD /* Realm-UsefulConnections */,
			);
		};
/* End PBXProject section */

/* Begin PBXResourcesBuildPhase section */
		4DC21263296A6221008C00DD /* Resources */ = {
			isa = PBXResourcesBuildPhase;
			buildActionMask = 2147483647;
			files = (
				4DC21275296A6222008C00DD /* LaunchScreen.storyboard in Resources */,
				4DC21272296A6222008C00DD /* Assets.xcassets in Resources */,
				4DC21270296A6221008C00DD /* Main.storyboard in Resources */,
				4DC21281296C7DE8008C00DD /* CustomAlert.xib in Resources */,
			);
			runOnlyForDeploymentPostprocessing = 0;
		};
/* End PBXResourcesBuildPhase section */

/* Begin PBXShellScriptBuildPhase section */
		116CD5D1667ADD2B903679FC /* [CP] Embed Pods Frameworks */ = {
			isa = PBXShellScriptBuildPhase;
			buildActionMask = 2147483647;
			files = (
			);
			inputFileListPaths = (
				"${PODS_ROOT}/Target Support Files/Pods-Realm-UsefulConnections/Pods-Realm-UsefulConnections-frameworks-${CONFIGURATION}-input-files.xcfilelist",
			);
			name = "[CP] Embed Pods Frameworks";
			outputFileListPaths = (
				"${PODS_ROOT}/Target Support Files/Pods-Realm-UsefulConnections/Pods-Realm-UsefulConnections-frameworks-${CONFIGURATION}-output-files.xcfilelist",
			);
			runOnlyForDeploymentPostprocessing = 0;
			shellPath = /bin/sh;
			shellScript = "\"${PODS_ROOT}/Target Support Files/Pods-Realm-UsefulConnections/Pods-Realm-UsefulConnections-frameworks.sh\"\n";
			showEnvVarsInLog = 0;
		};
		A067B43FEE72127E856B52BD /* [CP] Check Pods Manifest.lock */ = {
			isa = PBXShellScriptBuildPhase;
			buildActionMask = 2147483647;
			files = (
			);
			inputFileListPaths = (
			);
			inputPaths = (
				"${PODS_PODFILE_DIR_PATH}/Podfile.lock",
				"${PODS_ROOT}/Manifest.lock",
			);
			name = "[CP] Check Pods Manifest.lock";
			outputFileListPaths = (
			);
			outputPaths = (
				"$(DERIVED_FILE_DIR)/Pods-Realm-UsefulConnections-checkManifestLockResult.txt",
			);
			runOnlyForDeploymentPostprocessing = 0;
			shellPath = /bin/sh;
			shellScript = "diff \"${PODS_PODFILE_DIR_PATH}/Podfile.lock\" \"${PODS_ROOT}/Manifest.lock\" > /dev/null\nif [ $? != 0 ] ; then\n    # print error to STDERR\n    echo \"error: The sandbox is not in sync with the Podfile.lock. Run 'pod install' or update your CocoaPods installation.\" >&2\n    exit 1\nfi\n# This output is used by Xcode 'outputs' to avoid re-running this script phase.\necho \"SUCCESS\" > \"${SCRIPT_OUTPUT_FILE_0}\"\n";
			showEnvVarsInLog = 0;
		};
/* End PBXShellScriptBuildPhase section */

/* Begin PBXSourcesBuildPhase section */
		4DC21261296A6221008C00DD /* Sources */ = {
			isa = PBXSourcesBuildPhase;
			buildActionMask = 2147483647;
			files = (
				4DC21283296CBCBD008C00DD /* Model.swift in Sources */,
				4DC21269296A6221008C00DD /* AppDelegate.swift in Sources */,
				4DC21287296E27CB008C00DD /* Delegates.swift in Sources */,
				4DC2127D296B777F008C00DD /* TableViewController.swift in Sources */,
				4DC21285296CF802008C00DD /* TableViewCell.swift in Sources */,
				4DC2126B296A6221008C00DD /* SceneDelegate.swift in Sources */,
				4DC21280296C7DE8008C00DD /* CustomAlert.swift in Sources */,
			);
			runOnlyForDeploymentPostprocessing = 0;
		};
/* End PBXSourcesBuildPhase section */

/* Begin PBXVariantGroup section */
		4DC2126E296A6221008C00DD /* Main.storyboard */ = {
			isa = PBXVariantGroup;
			children = (
				4DC2126F296A6221008C00DD /* Base */,
			);
			name = Main.storyboard;
			sourceTree = "<group>";
		};
		4DC21273296A6222008C00DD /* LaunchScreen.storyboard */ = {
			isa = PBXVariantGroup;
			children = (
				4DC21274296A6222008C00DD /* Base */,
			);
			name = LaunchScreen.storyboard;
			sourceTree = "<group>";
		};
/* End PBXVariantGroup section */

/* Begin XCBuildConfiguration section */
		4DC21277296A6222008C00DD /* Debug */ = {
			isa = XCBuildConfiguration;
			buildSettings = {
				ALWAYS_SEARCH_USER_PATHS = NO;
				CLANG_ANALYZER_NONNULL = YES;
				CLANG_ANALYZER_NUMBER_OBJECT_CONVERSION = YES_AGGRESSIVE;
				CLANG_CXX_LANGUAGE_STANDARD = "gnu++20";
				CLANG_ENABLE_MODULES = YES;
				CLANG_ENABLE_OBJC_ARC = YES;
				CLANG_ENABLE_OBJC_WEAK = YES;
				CLANG_WARN_BLOCK_CAPTURE_AUTORELEASING = YES;
				CLANG_WARN_BOOL_CONVERSION = YES;
				CLANG_WARN_COMMA = YES;
				CLANG_WARN_CONSTANT_CONVERSION = YES;
				CLANG_WARN_DEPRECATED_OBJC_IMPLEMENTATIONS = YES;
				CLANG_WARN_DIRECT_OBJC_ISA_USAGE = YES_ERROR;
				CLANG_WARN_DOCUMENTATION_COMMENTS = YES;
				CLANG_WARN_EMPTY_BODY = YES;
				CLANG_WARN_ENUM_CONVERSION = YES;
				CLANG_WARN_INFINITE_RECURSION = YES;
				CLANG_WARN_INT_CONVERSION = YES;
				CLANG_WARN_NON_LITERAL_NULL_CONVERSION = YES;
				CLANG_WARN_OBJC_IMPLICIT_RETAIN_SELF = YES;
				CLANG_WARN_OBJC_LITERAL_CONVERSION = YES;
				CLANG_WARN_OBJC_ROOT_CLASS = YES_ERROR;
				CLANG_WARN_QUOTED_INCLUDE_IN_FRAMEWORK_HEADER = YES;
				CLANG_WARN_RANGE_LOOP_ANALYSIS = YES;
				CLANG_WARN_STRICT_PROTOTYPES = YES;
				CLANG_WARN_SUSPICIOUS_MOVE = YES;
				CLANG_WARN_UNGUARDED_AVAILABILITY = YES_AGGRESSIVE;
				CLANG_WARN_UNREACHABLE_CODE = YES;
				CLANG_WARN__DUPLICATE_METHOD_MATCH = YES;
				COPY_PHASE_STRIP = NO;
				DEBUG_INFORMATION_FORMAT = dwarf;
				ENABLE_STRICT_OBJC_MSGSEND = YES;
				ENABLE_TESTABILITY = YES;
				GCC_C_LANGUAGE_STANDARD = gnu11;
				GCC_DYNAMIC_NO_PIC = NO;
				GCC_NO_COMMON_BLOCKS = YES;
				GCC_OPTIMIZATION_LEVEL = 0;
				GCC_PREPROCESSOR_DEFINITIONS = (
					"DEBUG=1",
					"$(inherited)",
				);
				GCC_WARN_64_TO_32_BIT_CONVERSION = YES;
				GCC_WARN_ABOUT_RETURN_TYPE = YES_ERROR;
				GCC_WARN_UNDECLARED_SELECTOR = YES;
				GCC_WARN_UNINITIALIZED_AUTOS = YES_AGGRESSIVE;
				GCC_WARN_UNUSED_FUNCTION = YES;
				GCC_WARN_UNUSED_VARIABLE = YES;
				IPHONEOS_DEPLOYMENT_TARGET = 16.2;
				MTL_ENABLE_DEBUG_INFO = INCLUDE_SOURCE;
				MTL_FAST_MATH = YES;
				ONLY_ACTIVE_ARCH = YES;
				SDKROOT = iphoneos;
				SWIFT_ACTIVE_COMPILATION_CONDITIONS = DEBUG;
				SWIFT_OPTIMIZATION_LEVEL = "-Onone";
			};
			name = Debug;
		};
		4DC21278296A6222008C00DD /* Release */ = {
			isa = XCBuildConfiguration;
			buildSettings = {
				ALWAYS_SEARCH_USER_PATHS = NO;
				CLANG_ANALYZER_NONNULL = YES;
				CLANG_ANALYZER_NUMBER_OBJECT_CONVERSION = YES_AGGRESSIVE;
				CLANG_CXX_LANGUAGE_STANDARD = "gnu++20";
				CLANG_ENABLE_MODULES = YES;
				CLANG_ENABLE_OBJC_ARC = YES;
				CLANG_ENABLE_OBJC_WEAK = YES;
				CLANG_WARN_BLOCK_CAPTURE_AUTORELEASING = YES;
				CLANG_WARN_BOOL_CONVERSION = YES;
				CLANG_WARN_COMMA = YES;
				CLANG_WARN_CONSTANT_CONVERSION = YES;
				CLANG_WARN_DEPRECATED_OBJC_IMPLEMENTATIONS = YES;
				CLANG_WARN_DIRECT_OBJC_ISA_USAGE = YES_ERROR;
				CLANG_WARN_DOCUMENTATION_COMMENTS = YES;
				CLANG_WARN_EMPTY_BODY = YES;
				CLANG_WARN_ENUM_CONVERSION = YES;
				CLANG_WARN_INFINITE_RECURSION = YES;
				CLANG_WARN_INT_CONVERSION = YES;
				CLANG_WARN_NON_LITERAL_NULL_CONVERSION = YES;
				CLANG_WARN_OBJC_IMPLICIT_RETAIN_SELF = YES;
				CLANG_WARN_OBJC_LITERAL_CONVERSION = YES;
				CLANG_WARN_OBJC_ROOT_CLASS = YES_ERROR;
				CLANG_WARN_QUOTED_INCLUDE_IN_FRAMEWORK_HEADER = YES;
				CLANG_WARN_RANGE_LOOP_ANALYSIS = YES;
				CLANG_WARN_STRICT_PROTOTYPES = YES;
				CLANG_WARN_SUSPICIOUS_MOVE = YES;
				CLANG_WARN_UNGUARDED_AVAILABILITY = YES_AGGRESSIVE;
				CLANG_WARN_UNREACHABLE_CODE = YES;
				CLANG_WARN__DUPLICATE_METHOD_MATCH = YES;
				COPY_PHASE_STRIP = NO;
				DEBUG_INFORMATION_FORMAT = "dwarf-with-dsym";
				ENABLE_NS_ASSERTIONS = NO;
				ENABLE_STRICT_OBJC_MSGSEND = YES;
				GCC_C_LANGUAGE_STANDARD = gnu11;
				GCC_NO_COMMON_BLOCKS = YES;
				GCC_WARN_64_TO_32_BIT_CONVERSION = YES;
				GCC_WARN_ABOUT_RETURN_TYPE = YES_ERROR;
				GCC_WARN_UNDECLARED_SELECTOR = YES;
				GCC_WARN_UNINITIALIZED_AUTOS = YES_AGGRESSIVE;
				GCC_WARN_UNUSED_FUNCTION = YES;
				GCC_WARN_UNUSED_VARIABLE = YES;
				IPHONEOS_DEPLOYMENT_TARGET = 16.2;
				MTL_ENABLE_DEBUG_INFO = NO;
				MTL_FAST_MATH = YES;
				SDKROOT = iphoneos;
				SWIFT_COMPILATION_MODE = wholemodule;
				SWIFT_OPTIMIZATION_LEVEL = "-O";
				VALIDATE_PRODUCT = YES;
			};
			name = Release;
		};
		4DC2127A296A6222008C00DD /* Debug */ = {
			isa = XCBuildConfiguration;
			baseConfigurationReference = 09952D3FD699486FCE0624F6 /* Pods-Realm-UsefulConnections.debug.xcconfig */;
			buildSettings = {
				ASSETCATALOG_COMPILER_APPICON_NAME = AppIcon;
				ASSETCATALOG_COMPILER_GLOBAL_ACCENT_COLOR_NAME = AccentColor;
				CODE_SIGN_STYLE = Automatic;
				CURRENT_PROJECT_VERSION = 1;
				DEVELOPMENT_TEAM = 3JQPLE5ZEK;
				GENERATE_INFOPLIST_FILE = YES;
				INFOPLIST_FILE = "Realm-UsefulConnections/Info.plist";
				INFOPLIST_KEY_UIApplicationSupportsIndirectInputEvents = YES;
				INFOPLIST_KEY_UILaunchStoryboardName = LaunchScreen;
				INFOPLIST_KEY_UIMainStoryboardFile = Main;
				INFOPLIST_KEY_UISupportedInterfaceOrientations_iPad = "UIInterfaceOrientationPortrait UIInterfaceOrientationPortraitUpsideDown UIInterfaceOrientationLandscapeLeft UIInterfaceOrientationLandscapeRight";
				INFOPLIST_KEY_UISupportedInterfaceOrientations_iPhone = "UIInterfaceOrientationPortrait UIInterfaceOrientationLandscapeLeft UIInterfaceOrientationLandscapeRight";
				IPHONEOS_DEPLOYMENT_TARGET = 16.1;
				LD_RUNPATH_SEARCH_PATHS = (
					"$(inherited)",
					"@executable_path/Frameworks",
				);
				MARKETING_VERSION = 1.0;
				PRODUCT_BUNDLE_IDENTIFIER = "Realm-UsefulConnections.Realm-UsefulConnections";
				PRODUCT_NAME = "$(TARGET_NAME)";
				SWIFT_EMIT_LOC_STRINGS = YES;
				SWIFT_VERSION = 5.0;
				TARGETED_DEVICE_FAMILY = "1,2";
			};
			name = Debug;
		};
		4DC2127B296A6222008C00DD /* Release */ = {
			isa = XCBuildConfiguration;
			baseConfigurationReference = 02B7DBE6D5FBD46C0AEBBA25 /* Pods-Realm-UsefulConnections.release.xcconfig */;
			buildSettings = {
				ASSETCATALOG_COMPILER_APPICON_NAME = AppIcon;
				ASSETCATALOG_COMPILER_GLOBAL_ACCENT_COLOR_NAME = AccentColor;
				CODE_SIGN_STYLE = Automatic;
				CURRENT_PROJECT_VERSION = 1;
				DEVELOPMENT_TEAM = 3JQPLE5ZEK;
				GENERATE_INFOPLIST_FILE = YES;
				INFOPLIST_FILE = "Realm-UsefulConnections/Info.plist";
				INFOPLIST_KEY_UIApplicationSupportsIndirectInputEvents = YES;
				INFOPLIST_KEY_UILaunchStoryboardName = LaunchScreen;
				INFOPLIST_KEY_UIMainStoryboardFile = Main;
				INFOPLIST_KEY_UISupportedInterfaceOrientations_iPad = "UIInterfaceOrientationPortrait UIInterfaceOrientationPortraitUpsideDown UIInterfaceOrientationLandscapeLeft UIInterfaceOrientationLandscapeRight";
				INFOPLIST_KEY_UISupportedInterfaceOrientations_iPhone = "UIInterfaceOrientationPortrait UIInterfaceOrientationLandscapeLeft UIInterfaceOrientationLandscapeRight";
				IPHONEOS_DEPLOYMENT_TARGET = 16.1;
				LD_RUNPATH_SEARCH_PATHS = (
					"$(inherited)",
					"@executable_path/Frameworks",
				);
				MARKETING_VERSION = 1.0;
				PRODUCT_BUNDLE_IDENTIFIER = "Realm-UsefulConnections.Realm-UsefulConnections";
				PRODUCT_NAME = "$(TARGET_NAME)";
				SWIFT_EMIT_LOC_STRINGS = YES;
				SWIFT_VERSION = 5.0;
				TARGETED_DEVICE_FAMILY = "1,2";
			};
			name = Release;
		};
/* End XCBuildConfiguration section */

/* Begin XCConfigurationList section */
		4DC21260296A6221008C00DD /* Build configuration list for PBXProject "Realm-UsefulConnections" */ = {
			isa = XCConfigurationList;
			buildConfigurations = (
				4DC21277296A6222008C00DD /* Debug */,
				4DC21278296A6222008C00DD /* Release */,
			);
			defaultConfigurationIsVisible = 0;
			defaultConfigurationName = Release;
		};
		4DC21279296A6222008C00DD /* Build configuration list for PBXNativeTarget "Realm-UsefulConnections" */ = {
			isa = XCConfigurationList;
			buildConfigurations = (
				4DC2127A296A6222008C00DD /* Debug */,
				4DC2127B296A6222008C00DD /* Release */,
			);
			defaultConfigurationIsVisible = 0;
			defaultConfigurationName = Release;
		};
/* End XCConfigurationList section */
	};
	rootObject = 4DC2125D296A6221008C00DD /* Project object */;
}
